
Microsoft Visual Studio Solution File, Format Version 12.00
# Visual Studio Version 17
VisualStudioVersion = 17.10.34916.146
MinimumVisualStudioVersion = 10.0.40219.1
Project("{FAE04EC0-301F-11D3-BF4B-00C04F79EFBC}") = "test2", "test2\test2.csproj", "{EFA50E80-911C-4B77-890C-6490C7B8527A}"
EndProject
Global
	GlobalSection(SolutionConfigurationPlatforms) = preSolution
		Debug|Any CPU = Debug|Any CPU
		Release|Any CPU = Release|Any CPU
	EndGlobalSection
	GlobalSection(ProjectConfigurationPlatforms) = postSolution
		{EFA50E80-911C-4B77-890C-6490C7B8527A}.Debug|Any CPU.ActiveCfg = Debug|Any CPU
		{EFA50E80-911C-4B77-890C-6490C7B8527A}.Debug|Any CPU.Build.0 = Debug|Any CPU
		{EFA50E80-911C-4B77-890C-6490C7B8527A}.Release|Any CPU.ActiveCfg = Release|Any CPU
		{EFA50E80-911C-4B77-890C-6490C7B8527A}.Release|Any CPU.Build.0 = Release|Any CPU
	EndGlobalSection
	GlobalSection(SolutionProperties) = preSolution
		HideSolutionNode = FALSE
	EndGlobalSection
	GlobalSection(ExtensibilityGlobals) = postSolution
		SolutionGuid = {7252D04B-5C7C-440E-BB32-BD98B27EBD63}
	EndGlobalSection
EndGlobal
